// !$*UTF8*$!
{
	archiveVersion = 1;
	classes = {
	};
	objectVersion = 50;
	objects = {

/* Begin PBXBuildFile section */
		73A22894216DDB8700E745E6 /* AppDelegate.swift in Sources */ = {isa = PBXBuildFile; fileRef = 73A22893216DDB8700E745E6 /* AppDelegate.swift */; };
		73A22896216DDB8700E745E6 /* ViewController.swift in Sources */ = {isa = PBXBuildFile; fileRef = 73A22895216DDB8700E745E6 /* ViewController.swift */; };
		73A22899216DDB8700E745E6 /* Main.storyboard in Resources */ = {isa = PBXBuildFile; fileRef = 73A22897216DDB8700E745E6 /* Main.storyboard */; };
		73A2289B216DDB8900E745E6 /* Assets.xcassets in Resources */ = {isa = PBXBuildFile; fileRef = 73A2289A216DDB8900E745E6 /* Assets.xcassets */; };
		73A2289E216DDB8900E745E6 /* LaunchScreen.storyboard in Resources */ = {isa = PBXBuildFile; fileRef = 73A2289C216DDB8900E745E6 /* LaunchScreen.storyboard */; };
		73A228A6216DDBCA00E745E6 /* MyStyleTransfer500_20180928.mlmodel in Sources */ = {isa = PBXBuildFile; fileRef = 73A228A5216DDBCA00E745E6 /* MyStyleTransfer500_20180928.mlmodel */; };
		73A228A8216DE24A00E745E6 /* MyStyleTransfer100_20180928.mlmodel in Sources */ = {isa = PBXBuildFile; fileRef = 73A228A7216DE24A00E745E6 /* MyStyleTransfer100_20180928.mlmodel */; };
		73A228C8217068C300E745E6 /* KlimtAdeleBlochBauer.mlmodel in Sources */ = {isa = PBXBuildFile; fileRef = 73A228C7217068C200E745E6 /* KlimtAdeleBlochBauer.mlmodel */; };
		73A228CA217068CB00E745E6 /* Sunflowers.mlmodel in Sources */ = {isa = PBXBuildFile; fileRef = 73A228C9217068CB00E745E6 /* Sunflowers.mlmodel */; };
/* End PBXBuildFile section */

/* Begin PBXFileReference section */
		73A22890216DDB8700E745E6 /* StyleTransferDemo.app */ = {isa = PBXFileReference; explicitFileType = wrapper.application; includeInIndex = 0; path = StyleTransferDemo.app; sourceTree = BUILT_PRODUCTS_DIR; };
		73A22893216DDB8700E745E6 /* AppDelegate.swift */ = {isa = PBXFileReference; lastKnownFileType = sourcecode.swift; path = AppDelegate.swift; sourceTree = "<group>"; };
		73A22895216DDB8700E745E6 /* ViewController.swift */ = {isa = PBXFileReference; lastKnownFileType = sourcecode.swift; path = ViewController.swift; sourceTree = "<group>"; };
		73A22898216DDB8700E745E6 /* Base */ = {isa = PBXFileReference; lastKnownFileType = file.storyboard; name = Base; path = Base.lproj/Main.storyboard; sourceTree = "<group>"; };
		73A2289A216DDB8900E745E6 /* Assets.xcassets */ = {isa = PBXFileReference; lastKnownFileType = folder.assetcatalog; path = Assets.xcassets; sourceTree = "<group>"; };
		73A2289D216DDB8900E745E6 /* Base */ = {isa = PBXFileReference; lastKnownFileType = file.storyboard; name = Base; path = Base.lproj/LaunchScreen.storyboard; sourceTree = "<group>"; };
		73A2289F216DDB8900E745E6 /* Info.plist */ = {isa = PBXFileReference; lastKnownFileType = text.plist.xml; path = Info.plist; sourceTree = "<group>"; };
		73A228A5216DDBCA00E745E6 /* MyStyleTransfer500_20180928.mlmodel */ = {isa = PBXFileReference; lastKnownFileType = file.mlmodel; path = MyStyleTransfer500_20180928.mlmodel; sourceTree = "<group>"; };
		73A228A7216DE24A00E745E6 /* MyStyleTransfer100_20180928.mlmodel */ = {isa = PBXFileReference; lastKnownFileType = file.mlmodel; path = MyStyleTransfer100_20180928.mlmodel; sourceTree = "<group>"; };
		73A228C7217068C200E745E6 /* KlimtAdeleBlochBauer.mlmodel */ = {isa = PBXFileReference; lastKnownFileType = file.mlmodel; name = KlimtAdeleBlochBauer.mlmodel; path = ../../../TuriCreate/StyleTransfer/Klimt_AdeleBlochBauer/KlimtAdeleBlochBauer.mlmodel; sourceTree = "<group>"; };
		73A228C9217068CB00E745E6 /* Sunflowers.mlmodel */ = {isa = PBXFileReference; lastKnownFileType = file.mlmodel; name = Sunflowers.mlmodel; path = ../../../TuriCreate/StyleTransfer/VincentVanGogh_Sunflowers/Sunflowers.mlmodel; sourceTree = "<group>"; };
/* End PBXFileReference section */

/* Begin PBXFrameworksBuildPhase section */
		73A2288D216DDB8700E745E6 /* Frameworks */ = {
			isa = PBXFrameworksBuildPhase;
			buildActionMask = 2147483647;
			files = (
			);
			runOnlyForDeploymentPostprocessing = 0;
		};
/* End PBXFrameworksBuildPhase section */

/* Begin PBXGroup section */
		73A22887216DDB8700E745E6 = {
			isa = PBXGroup;
			children = (
				73A22892216DDB8700E745E6 /* StyleTransferDemo */,
				73A22891216DDB8700E745E6 /* Products */,
			);
			sourceTree = "<group>";
		};
		73A22891216DDB8700E745E6 /* Products */ = {
			isa = PBXGroup;
			children = (
				73A22890216DDB8700E745E6 /* StyleTransferDemo.app */,
			);
			name = Products;
			sourceTree = "<group>";
		};
		73A22892216DDB8700E745E6 /* StyleTransferDemo */ = {
			isa = PBXGroup;
			children = (
				73A22893216DDB8700E745E6 /* AppDelegate.swift */,
				73A22895216DDB8700E745E6 /* ViewController.swift */,
				73A22897216DDB8700E745E6 /* Main.storyboard */,
				73A2289A216DDB8900E745E6 /* Assets.xcassets */,
				73A2289C216DDB8900E745E6 /* LaunchScreen.storyboard */,
				73A2289F216DDB8900E745E6 /* Info.plist */,
				73A228A5216DDBCA00E745E6 /* MyStyleTransfer500_20180928.mlmodel */,
				73A228A7216DE24A00E745E6 /* MyStyleTransfer100_20180928.mlmodel */,
				73A228C7217068C200E745E6 /* KlimtAdeleBlochBauer.mlmodel */,
				73A228C9217068CB00E745E6 /* Sunflowers.mlmodel */,
			);
			path = StyleTransferDemo;
			sourceTree = "<group>";
		};
/* End PBXGroup section */

/* Begin PBXNativeTarget section */
		73A2288F216DDB8700E745E6 /* StyleTransferDemo */ = {
			isa = PBXNativeTarget;
			buildConfigurationList = 73A228A2216DDB8900E745E6 /* Build configuration list for PBXNativeTarget "StyleTransferDemo" */;
			buildPhases = (
				73A2288C216DDB8700E745E6 /* Sources */,
				73A2288D216DDB8700E745E6 /* Frameworks */,
				73A2288E216DDB8700E745E6 /* Resources */,
			);
			buildRules = (
			);
			dependencies = (
			);
			name = StyleTransferDemo;
			productName = StyleTransferDemo;
			productReference = 73A22890216DDB8700E745E6 /* StyleTransferDemo.app */;
			productType = "com.apple.product-type.application";
		};
/* End PBXNativeTarget section */

/* Begin PBXProject section */
		73A22888216DDB8700E745E6 /* Project object */ = {
			isa = PBXProject;
			attributes = {
				LastSwiftUpdateCheck = 1000;
				LastUpgradeCheck = 1000;
				ORGANIZATIONNAME = Moon;
				TargetAttributes = {
					73A2288F216DDB8700E745E6 = {
						CreatedOnToolsVersion = 10.0;
					};
				};
			};
			buildConfigurationList = 73A2288B216DDB8700E745E6 /* Build configuration list for PBXProject "StyleTransferDemo" */;
			compatibilityVersion = "Xcode 9.3";
			developmentRegion = en;
			hasScannedForEncodings = 0;
			knownRegions = (
				en,
				Base,
			);
			mainGroup = 73A22887216DDB8700E745E6;
			productRefGroup = 73A22891216DDB8700E745E6 /* Products */;
			projectDirPath = "";
			projectRoot = "";
			targets = (
				73A2288F216DDB8700E745E6 /* StyleTransferDemo */,
			);
		};
/* End PBXProject section */

/* Begin PBXResourcesBuildPhase section */
		73A2288E216DDB8700E745E6 /* Resources */ = {
			isa = PBXResourcesBuildPhase;
			buildActionMask = 2147483647;
			files = (
				73A2289E216DDB8900E745E6 /* LaunchScreen.storyboard in Resources */,
				73A2289B216DDB8900E745E6 /* Assets.xcassets in Resources */,
				73A22899216DDB8700E745E6 /* Main.storyboard in Resources */,
			);
			runOnlyForDeploymentPostprocessing = 0;
		};
/* End PBXResourcesBuildPhase section */

/* Begin PBXSourcesBuildPhase section */
		73A2288C216DDB8700E745E6 /* Sources */ = {
			isa = PBXSourcesBuildPhase;
			buildActionMask = 2147483647;
			files = (
				73A22896216DDB8700E745E6 /* ViewController.swift in Sources */,
				73A228A8216DE24A00E745E6 /* MyStyleTransfer100_20180928.mlmodel in Sources */,
				73A228A6216DDBCA00E745E6 /* MyStyleTransfer500_20180928.mlmodel in Sources */,
				73A228C8217068C300E745E6 /* KlimtAdeleBlochBauer.mlmodel in Sources */,
				73A228CA217068CB00E745E6 /* Sunflowers.mlmodel in Sources */,
				73A22894216DDB8700E745E6 /* AppDelegate.swift in Sources */,
			);
			runOnlyForDeploymentPostprocessing = 0;
		};
/* End PBXSourcesBuildPhase section */

/* Begin PBXVariantGroup section */
		73A22897216DDB8700E745E6 /* Main.storyboard */ = {
			isa = PBXVariantGroup;
			children = (
				73A22898216DDB8700E745E6 /* Base */,
			);
			name = Main.storyboard;
			sourceTree = "<group>";
		};
		73A2289C216DDB8900E745E6 /* LaunchScreen.storyboard */ = {
			isa = PBXVariantGroup;
			children = (
				73A2289D216DDB8900E745E6 /* Base */,
			);
			name = LaunchScreen.storyboard;
			sourceTree = "<group>";
		};
/* End PBXVariantGroup section */

/* Begin XCBuildConfiguration section */
		73A228A0216DDB8900E745E6 /* Debug */ = {
			isa = XCBuildConfiguration;
			buildSettings = {
				ALWAYS_SEARCH_USER_PATHS = NO;
				CLANG_ANALYZER_NONNULL = YES;
				CLANG_ANALYZER_NUMBER_OBJECT_CONVERSION = YES_AGGRESSIVE;
				CLANG_CXX_LANGUAGE_STANDARD = "gnu++14";
				CLANG_CXX_LIBRARY = "libc++";
				CLANG_ENABLE_MODULES = YES;
				CLANG_ENABLE_OBJC_ARC = YES;
				CLANG_ENABLE_OBJC_WEAK = YES;
				CLANG_WARN_BLOCK_CAPTURE_AUTORELEASING = YES;
				CLANG_WARN_BOOL_CONVERSION = YES;
				CLANG_WARN_COMMA = YES;
				CLANG_WARN_CONSTANT_CONVERSION = YES;
				CLANG_WARN_DEPRECATED_OBJC_IMPLEMENTATIONS = YES;
				CLANG_WARN_DIRECT_OBJC_ISA_USAGE = YES_ERROR;
				CLANG_WARN_DOCUMENTATION_COMMENTS = YES;
				CLANG_WARN_EMPTY_BODY = YES;
				CLANG_WARN_ENUM_CONVERSION = YES;
				CLANG_WARN_INFINITE_RECURSION = YES;
				CLANG_WARN_INT_CONVERSION = YES;
				CLANG_WARN_NON_LITERAL_NULL_CONVERSION = YES;
				CLANG_WARN_OBJC_IMPLICIT_RETAIN_SELF = YES;
				CLANG_WARN_OBJC_LITERAL_CONVERSION = YES;
				CLANG_WARN_OBJC_ROOT_CLASS = YES_ERROR;
				CLANG_WARN_RANGE_LOOP_ANALYSIS = YES;
				CLANG_WARN_STRICT_PROTOTYPES = YES;
				CLANG_WARN_SUSPICIOUS_MOVE = YES;
				CLANG_WARN_UNGUARDED_AVAILABILITY = YES_AGGRESSIVE;
				CLANG_WARN_UNREACHABLE_CODE = YES;
				CLANG_WARN__DUPLICATE_METHOD_MATCH = YES;
				CODE_SIGN_IDENTITY = "iPhone Developer";
				COPY_PHASE_STRIP = NO;
				DEBUG_INFORMATION_FORMAT = dwarf;
				ENABLE_STRICT_OBJC_MSGSEND = YES;
				ENABLE_TESTABILITY = YES;
				GCC_C_LANGUAGE_STANDARD = gnu11;
				GCC_DYNAMIC_NO_PIC = NO;
				GCC_NO_COMMON_BLOCKS = YES;
				GCC_OPTIMIZATION_LEVEL = 0;
				GCC_PREPROCESSOR_DEFINITIONS = (
					"DEBUG=1",
					"$(inherited)",
				);
				GCC_WARN_64_TO_32_BIT_CONVERSION = YES;
				GCC_WARN_ABOUT_RETURN_TYPE = YES_ERROR;
				GCC_WARN_UNDECLARED_SELECTOR = YES;
				GCC_WARN_UNINITIALIZED_AUTOS = YES_AGGRESSIVE;
				GCC_WARN_UNUSED_FUNCTION = YES;
				GCC_WARN_UNUSED_VARIABLE = YES;
				IPHONEOS_DEPLOYMENT_TARGET = 12.0;
				MTL_ENABLE_DEBUG_INFO = INCLUDE_SOURCE;
				MTL_FAST_MATH = YES;
				ONLY_ACTIVE_ARCH = YES;
				SDKROOT = iphoneos;
				SWIFT_ACTIVE_COMPILATION_CONDITIONS = DEBUG;
				SWIFT_OPTIMIZATION_LEVEL = "-Onone";
			};
			name = Debug;
		};
		73A228A1216DDB8900E745E6 /* Release */ = {
			isa = XCBuildConfiguration;
			buildSettings = {
				ALWAYS_SEARCH_USER_PATHS = NO;
				CLANG_ANALYZER_NONNULL = YES;
				CLANG_ANALYZER_NUMBER_OBJECT_CONVERSION = YES_AGGRESSIVE;
				CLANG_CXX_LANGUAGE_STANDARD = "gnu++14";
				CLANG_CXX_LIBRARY = "libc++";
				CLANG_ENABLE_MODULES = YES;
				CLANG_ENABLE_OBJC_ARC = YES;
				CLANG_ENABLE_OBJC_WEAK = YES;
				CLANG_WARN_BLOCK_CAPTURE_AUTORELEASING = YES;
				CLANG_WARN_BOOL_CONVERSION = YES;
				CLANG_WARN_COMMA = YES;
				CLANG_WARN_CONSTANT_CONVERSION = YES;
				CLANG_WARN_DEPRECATED_OBJC_IMPLEMENTATIONS = YES;
				CLANG_WARN_DIRECT_OBJC_ISA_USAGE = YES_ERROR;
				CLANG_WARN_DOCUMENTATION_COMMENTS = YES;
				CLANG_WARN_EMPTY_BODY = YES;
				CLANG_WARN_ENUM_CONVERSION = YES;
				CLANG_WARN_INFINITE_RECURSION = YES;
				CLANG_WARN_INT_CONVERSION = YES;
				CLANG_WARN_NON_LITERAL_NULL_CONVERSION = YES;
				CLANG_WARN_OBJC_IMPLICIT_RETAIN_SELF = YES;
				CLANG_WARN_OBJC_LITERAL_CONVERSION = YES;
				CLANG_WARN_OBJC_ROOT_CLASS = YES_ERROR;
				CLANG_WARN_RANGE_LOOP_ANALYSIS = YES;
				CLANG_WARN_STRICT_PROTOTYPES = YES;
				CLANG_WARN_SUSPICIOUS_MOVE = YES;
				CLANG_WARN_UNGUARDED_AVAILABILITY = YES_AGGRESSIVE;
				CLANG_WARN_UNREACHABLE_CODE = YES;
				CLANG_WARN__DUPLICATE_METHOD_MATCH = YES;
				CODE_SIGN_IDENTITY = "iPhone Developer";
				COPY_PHASE_STRIP = NO;
				DEBUG_INFORMATION_FORMAT = "dwarf-with-dsym";
				ENABLE_NS_ASSERTIONS = NO;
				ENABLE_STRICT_OBJC_MSGSEND = YES;
				GCC_C_LANGUAGE_STANDARD = gnu11;
				GCC_NO_COMMON_BLOCKS = YES;
				GCC_WARN_64_TO_32_BIT_CONVERSION = YES;
				GCC_WARN_ABOUT_RETURN_TYPE = YES_ERROR;
				GCC_WARN_UNDECLARED_SELECTOR = YES;
				GCC_WARN_UNINITIALIZED_AUTOS = YES_AGGRESSIVE;
				GCC_WARN_UNUSED_FUNCTION = YES;
				GCC_WARN_UNUSED_VARIABLE = YES;
				IPHONEOS_DEPLOYMENT_TARGET = 12.0;
				MTL_ENABLE_DEBUG_INFO = NO;
				MTL_FAST_MATH = YES;
				SDKROOT = iphoneos;
				SWIFT_COMPILATION_MODE = wholemodule;
				SWIFT_OPTIMIZATION_LEVEL = "-O";
				VALIDATE_PRODUCT = YES;
			};
			name = Release;
		};
		73A228A3216DDB8900E745E6 /* Debug */ = {
			isa = XCBuildConfiguration;
			buildSettings = {
				ASSETCATALOG_COMPILER_APPICON_NAME = AppIcon;
				CODE_SIGN_STYLE = Automatic;
				DEVELOPMENT_TEAM = PJPD95M4QP;
				INFOPLIST_FILE = StyleTransferDemo/Info.plist;
				LD_RUNPATH_SEARCH_PATHS = (
					"$(inherited)",
					"@executable_path/Frameworks",
				);
				PRODUCT_BUNDLE_IDENTIFIER = io.marvinLin.StyleTransferDemo;
				PRODUCT_NAME = "$(TARGET_NAME)";
				SWIFT_VERSION = 4.2;
				TARGETED_DEVICE_FAMILY = "1,2";
			};
			name = Debug;
		};
		73A228A4216DDB8900E745E6 /* Release */ = {
			isa = XCBuildConfiguration;
			buildSettings = {
				ASSETCATALOG_COMPILER_APPICON_NAME = AppIcon;
				CODE_SIGN_STYLE = Automatic;
				DEVELOPMENT_TEAM = PJPD95M4QP;
				INFOPLIST_FILE = StyleTransferDemo/Info.plist;
				LD_RUNPATH_SEARCH_PATHS = (
					"$(inherited)",
					"@executable_path/Frameworks",
				);
				PRODUCT_BUNDLE_IDENTIFIER = io.marvinLin.StyleTransferDemo;
				PRODUCT_NAME = "$(TARGET_NAME)";
				SWIFT_VERSION = 4.2;
				TARGETED_DEVICE_FAMILY = "1,2";
			};
			name = Release;
		};
/* End XCBuildConfiguration section */

/* Begin XCConfigurationList section */
		73A2288B216DDB8700E745E6 /* Build configuration list for PBXProject "StyleTransferDemo" */ = {
			isa = XCConfigurationList;
			buildConfigurations = (
				73A228A0216DDB8900E745E6 /* Debug */,
				73A228A1216DDB8900E745E6 /* Release */,
			);
			defaultConfigurationIsVisible = 0;
			defaultConfigurationName = Release;
		};
		73A228A2216DDB8900E745E6 /* Build configuration list for PBXNativeTarget "StyleTransferDemo" */ = {
			isa = XCConfigurationList;
			buildConfigurations = (
				73A228A3216DDB8900E745E6 /* Debug */,
				73A228A4216DDB8900E745E6 /* Release */,
			);
			defaultConfigurationIsVisible = 0;
			defaultConfigurationName = Release;
		};
/* End XCConfigurationList section */
	};
	rootObject = 73A22888216DDB8700E745E6 /* Project object */;
}
