// !$*UTF8*$!
{
	archiveVersion = 1;
	classes = {
	};
	objectVersion = 50;
	objects = {

/* Begin PBXBuildFile section */
		7300D1B2217C79BC00D90D9A /* AppDelegate.swift in Sources */ = {isa = PBXBuildFile; fileRef = 7300D1B1217C79BC00D90D9A /* AppDelegate.swift */; };
		7300D1B4217C79BC00D90D9A /* ViewController.swift in Sources */ = {isa = PBXBuildFile; fileRef = 7300D1B3217C79BC00D90D9A /* ViewController.swift */; };
		7300D1B7217C79BC00D90D9A /* Main.storyboard in Resources */ = {isa = PBXBuildFile; fileRef = 7300D1B5217C79BC00D90D9A /* Main.storyboard */; };
		7300D1B9217C79BE00D90D9A /* Assets.xcassets in Resources */ = {isa = PBXBuildFile; fileRef = 7300D1B8217C79BE00D90D9A /* Assets.xcassets */; };
		7300D1BC217C79BE00D90D9A /* LaunchScreen.storyboard in Resources */ = {isa = PBXBuildFile; fileRef = 7300D1BA217C79BE00D90D9A /* LaunchScreen.storyboard */; };
/* End PBXBuildFile section */

/* Begin PBXFileReference section */
		7300D1AE217C79BC00D90D9A /* CalculateFairWay.app */ = {isa = PBXFileReference; explicitFileType = wrapper.application; includeInIndex = 0; path = CalculateFairWay.app; sourceTree = BUILT_PRODUCTS_DIR; };
		7300D1B1217C79BC00D90D9A /* AppDelegate.swift */ = {isa = PBXFileReference; lastKnownFileType = sourcecode.swift; path = AppDelegate.swift; sourceTree = "<group>"; };
		7300D1B3217C79BC00D90D9A /* ViewController.swift */ = {isa = PBXFileReference; lastKnownFileType = sourcecode.swift; path = ViewController.swift; sourceTree = "<group>"; };
		7300D1B6217C79BC00D90D9A /* Base */ = {isa = PBXFileReference; lastKnownFileType = file.storyboard; name = Base; path = Base.lproj/Main.storyboard; sourceTree = "<group>"; };
		7300D1B8217C79BE00D90D9A /* Assets.xcassets */ = {isa = PBXFileReference; lastKnownFileType = folder.assetcatalog; path = Assets.xcassets; sourceTree = "<group>"; };
		7300D1BB217C79BE00D90D9A /* Base */ = {isa = PBXFileReference; lastKnownFileType = file.storyboard; name = Base; path = Base.lproj/LaunchScreen.storyboard; sourceTree = "<group>"; };
		7300D1BD217C79BE00D90D9A /* Info.plist */ = {isa = PBXFileReference; lastKnownFileType = text.plist.xml; path = Info.plist; sourceTree = "<group>"; };
/* End PBXFileReference section */

/* Begin PBXFrameworksBuildPhase section */
		7300D1AB217C79BC00D90D9A /* Frameworks */ = {
			isa = PBXFrameworksBuildPhase;
			buildActionMask = 2147483647;
			files = (
			);
			runOnlyForDeploymentPostprocessing = 0;
		};
/* End PBXFrameworksBuildPhase section */

/* Begin PBXGroup section */
		7300D1A5217C79BB00D90D9A = {
			isa = PBXGroup;
			children = (
				7300D1B0217C79BC00D90D9A /* CalculateFairWay */,
				7300D1AF217C79BC00D90D9A /* Products */,
			);
			sourceTree = "<group>";
		};
		7300D1AF217C79BC00D90D9A /* Products */ = {
			isa = PBXGroup;
			children = (
				7300D1AE217C79BC00D90D9A /* CalculateFairWay.app */,
			);
			name = Products;
			sourceTree = "<group>";
		};
		7300D1B0217C79BC00D90D9A /* CalculateFairWay */ = {
			isa = PBXGroup;
			children = (
				7300D1B1217C79BC00D90D9A /* AppDelegate.swift */,
				7300D1B3217C79BC00D90D9A /* ViewController.swift */,
				7300D1B5217C79BC00D90D9A /* Main.storyboard */,
				7300D1B8217C79BE00D90D9A /* Assets.xcassets */,
				7300D1BA217C79BE00D90D9A /* LaunchScreen.storyboard */,
				7300D1BD217C79BE00D90D9A /* Info.plist */,
			);
			path = CalculateFairWay;
			sourceTree = "<group>";
		};
/* End PBXGroup section */

/* Begin PBXNativeTarget section */
		7300D1AD217C79BC00D90D9A /* CalculateFairWay */ = {
			isa = PBXNativeTarget;
			buildConfigurationList = 7300D1C0217C79BE00D90D9A /* Build configuration list for PBXNativeTarget "CalculateFairWay" */;
			buildPhases = (
				7300D1AA217C79BC00D90D9A /* Sources */,
				7300D1AB217C79BC00D90D9A /* Frameworks */,
				7300D1AC217C79BC00D90D9A /* Resources */,
			);
			buildRules = (
			);
			dependencies = (
			);
			name = CalculateFairWay;
			productName = CalculateFairWay;
			productReference = 7300D1AE217C79BC00D90D9A /* CalculateFairWay.app */;
			productType = "com.apple.product-type.application";
		};
/* End PBXNativeTarget section */

/* Begin PBXProject section */
		7300D1A6217C79BC00D90D9A /* Project object */ = {
			isa = PBXProject;
			attributes = {
				LastSwiftUpdateCheck = 1000;
				LastUpgradeCheck = 1000;
				ORGANIZATIONNAME = Moon;
				TargetAttributes = {
					7300D1AD217C79BC00D90D9A = {
						CreatedOnToolsVersion = 10.0;
					};
				};
			};
			buildConfigurationList = 7300D1A9217C79BC00D90D9A /* Build configuration list for PBXProject "CalculateFairWay" */;
			compatibilityVersion = "Xcode 9.3";
			developmentRegion = en;
			hasScannedForEncodings = 0;
			knownRegions = (
				en,
				Base,
			);
			mainGroup = 7300D1A5217C79BB00D90D9A;
			productRefGroup = 7300D1AF217C79BC00D90D9A /* Products */;
			projectDirPath = "";
			projectRoot = "";
			targets = (
				7300D1AD217C79BC00D90D9A /* CalculateFairWay */,
			);
		};
/* End PBXProject section */

/* Begin PBXResourcesBuildPhase section */
		7300D1AC217C79BC00D90D9A /* Resources */ = {
			isa = PBXResourcesBuildPhase;
			buildActionMask = 2147483647;
			files = (
				7300D1BC217C79BE00D90D9A /* LaunchScreen.storyboard in Resources */,
				7300D1B9217C79BE00D90D9A /* Assets.xcassets in Resources */,
				7300D1B7217C79BC00D90D9A /* Main.storyboard in Resources */,
			);
			runOnlyForDeploymentPostprocessing = 0;
		};
/* End PBXResourcesBuildPhase section */

/* Begin PBXSourcesBuildPhase section */
		7300D1AA217C79BC00D90D9A /* Sources */ = {
			isa = PBXSourcesBuildPhase;
			buildActionMask = 2147483647;
			files = (
				7300D1B4217C79BC00D90D9A /* ViewController.swift in Sources */,
				7300D1B2217C79BC00D90D9A /* AppDelegate.swift in Sources */,
			);
			runOnlyForDeploymentPostprocessing = 0;
		};
/* End PBXSourcesBuildPhase section */

/* Begin PBXVariantGroup section */
		7300D1B5217C79BC00D90D9A /* Main.storyboard */ = {
			isa = PBXVariantGroup;
			children = (
				7300D1B6217C79BC00D90D9A /* Base */,
			);
			name = Main.storyboard;
			sourceTree = "<group>";
		};
		7300D1BA217C79BE00D90D9A /* LaunchScreen.storyboard */ = {
			isa = PBXVariantGroup;
			children = (
				7300D1BB217C79BE00D90D9A /* Base */,
			);
			name = LaunchScreen.storyboard;
			sourceTree = "<group>";
		};
/* End PBXVariantGroup section */

/* Begin XCBuildConfiguration section */
		7300D1BE217C79BE00D90D9A /* Debug */ = {
			isa = XCBuildConfiguration;
			buildSettings = {
				ALWAYS_SEARCH_USER_PATHS = NO;
				CLANG_ANALYZER_NONNULL = YES;
				CLANG_ANALYZER_NUMBER_OBJECT_CONVERSION = YES_AGGRESSIVE;
				CLANG_CXX_LANGUAGE_STANDARD = "gnu++14";
				CLANG_CXX_LIBRARY = "libc++";
				CLANG_ENABLE_MODULES = YES;
				CLANG_ENABLE_OBJC_ARC = YES;
				CLANG_ENABLE_OBJC_WEAK = YES;
				CLANG_WARN_BLOCK_CAPTURE_AUTORELEASING = YES;
				CLANG_WARN_BOOL_CONVERSION = YES;
				CLANG_WARN_COMMA = YES;
				CLANG_WARN_CONSTANT_CONVERSION = YES;
				CLANG_WARN_DEPRECATED_OBJC_IMPLEMENTATIONS = YES;
				CLANG_WARN_DIRECT_OBJC_ISA_USAGE = YES_ERROR;
				CLANG_WARN_DOCUMENTATION_COMMENTS = YES;
				CLANG_WARN_EMPTY_BODY = YES;
				CLANG_WARN_ENUM_CONVERSION = YES;
				CLANG_WARN_INFINITE_RECURSION = YES;
				CLANG_WARN_INT_CONVERSION = YES;
				CLANG_WARN_NON_LITERAL_NULL_CONVERSION = YES;
				CLANG_WARN_OBJC_IMPLICIT_RETAIN_SELF = YES;
				CLANG_WARN_OBJC_LITERAL_CONVERSION = YES;
				CLANG_WARN_OBJC_ROOT_CLASS = YES_ERROR;
				CLANG_WARN_RANGE_LOOP_ANALYSIS = YES;
				CLANG_WARN_STRICT_PROTOTYPES = YES;
				CLANG_WARN_SUSPICIOUS_MOVE = YES;
				CLANG_WARN_UNGUARDED_AVAILABILITY = YES_AGGRESSIVE;
				CLANG_WARN_UNREACHABLE_CODE = YES;
				CLANG_WARN__DUPLICATE_METHOD_MATCH = YES;
				CODE_SIGN_IDENTITY = "iPhone Developer";
				COPY_PHASE_STRIP = NO;
				DEBUG_INFORMATION_FORMAT = dwarf;
				ENABLE_STRICT_OBJC_MSGSEND = YES;
				ENABLE_TESTABILITY = YES;
				GCC_C_LANGUAGE_STANDARD = gnu11;
				GCC_DYNAMIC_NO_PIC = NO;
				GCC_NO_COMMON_BLOCKS = YES;
				GCC_OPTIMIZATION_LEVEL = 0;
				GCC_PREPROCESSOR_DEFINITIONS = (
					"DEBUG=1",
					"$(inherited)",
				);
				GCC_WARN_64_TO_32_BIT_CONVERSION = YES;
				GCC_WARN_ABOUT_RETURN_TYPE = YES_ERROR;
				GCC_WARN_UNDECLARED_SELECTOR = YES;
				GCC_WARN_UNINITIALIZED_AUTOS = YES_AGGRESSIVE;
				GCC_WARN_UNUSED_FUNCTION = YES;
				GCC_WARN_UNUSED_VARIABLE = YES;
				IPHONEOS_DEPLOYMENT_TARGET = 12.0;
				MTL_ENABLE_DEBUG_INFO = INCLUDE_SOURCE;
				MTL_FAST_MATH = YES;
				ONLY_ACTIVE_ARCH = YES;
				SDKROOT = iphoneos;
				SWIFT_ACTIVE_COMPILATION_CONDITIONS = DEBUG;
				SWIFT_OPTIMIZATION_LEVEL = "-Onone";
			};
			name = Debug;
		};
		7300D1BF217C79BE00D90D9A /* Release */ = {
			isa = XCBuildConfiguration;
			buildSettings = {
				ALWAYS_SEARCH_USER_PATHS = NO;
				CLANG_ANALYZER_NONNULL = YES;
				CLANG_ANALYZER_NUMBER_OBJECT_CONVERSION = YES_AGGRESSIVE;
				CLANG_CXX_LANGUAGE_STANDARD = "gnu++14";
				CLANG_CXX_LIBRARY = "libc++";
				CLANG_ENABLE_MODULES = YES;
				CLANG_ENABLE_OBJC_ARC = YES;
				CLANG_ENABLE_OBJC_WEAK = YES;
				CLANG_WARN_BLOCK_CAPTURE_AUTORELEASING = YES;
				CLANG_WARN_BOOL_CONVERSION = YES;
				CLANG_WARN_COMMA = YES;
				CLANG_WARN_CONSTANT_CONVERSION = YES;
				CLANG_WARN_DEPRECATED_OBJC_IMPLEMENTATIONS = YES;
				CLANG_WARN_DIRECT_OBJC_ISA_USAGE = YES_ERROR;
				CLANG_WARN_DOCUMENTATION_COMMENTS = YES;
				CLANG_WARN_EMPTY_BODY = YES;
				CLANG_WARN_ENUM_CONVERSION = YES;
				CLANG_WARN_INFINITE_RECURSION = YES;
				CLANG_WARN_INT_CONVERSION = YES;
				CLANG_WARN_NON_LITERAL_NULL_CONVERSION = YES;
				CLANG_WARN_OBJC_IMPLICIT_RETAIN_SELF = YES;
				CLANG_WARN_OBJC_LITERAL_CONVERSION = YES;
				CLANG_WARN_OBJC_ROOT_CLASS = YES_ERROR;
				CLANG_WARN_RANGE_LOOP_ANALYSIS = YES;
				CLANG_WARN_STRICT_PROTOTYPES = YES;
				CLANG_WARN_SUSPICIOUS_MOVE = YES;
				CLANG_WARN_UNGUARDED_AVAILABILITY = YES_AGGRESSIVE;
				CLANG_WARN_UNREACHABLE_CODE = YES;
				CLANG_WARN__DUPLICATE_METHOD_MATCH = YES;
				CODE_SIGN_IDENTITY = "iPhone Developer";
				COPY_PHASE_STRIP = NO;
				DEBUG_INFORMATION_FORMAT = "dwarf-with-dsym";
				ENABLE_NS_ASSERTIONS = NO;
				ENABLE_STRICT_OBJC_MSGSEND = YES;
				GCC_C_LANGUAGE_STANDARD = gnu11;
				GCC_NO_COMMON_BLOCKS = YES;
				GCC_WARN_64_TO_32_BIT_CONVERSION = YES;
				GCC_WARN_ABOUT_RETURN_TYPE = YES_ERROR;
				GCC_WARN_UNDECLARED_SELECTOR = YES;
				GCC_WARN_UNINITIALIZED_AUTOS = YES_AGGRESSIVE;
				GCC_WARN_UNUSED_FUNCTION = YES;
				GCC_WARN_UNUSED_VARIABLE = YES;
				IPHONEOS_DEPLOYMENT_TARGET = 12.0;
				MTL_ENABLE_DEBUG_INFO = NO;
				MTL_FAST_MATH = YES;
				SDKROOT = iphoneos;
				SWIFT_COMPILATION_MODE = wholemodule;
				SWIFT_OPTIMIZATION_LEVEL = "-O";
				VALIDATE_PRODUCT = YES;
			};
			name = Release;
		};
		7300D1C1217C79BE00D90D9A /* Debug */ = {
			isa = XCBuildConfiguration;
			buildSettings = {
				ASSETCATALOG_COMPILER_APPICON_NAME = AppIcon;
				CODE_SIGN_STYLE = Automatic;
				DEVELOPMENT_TEAM = PJPD95M4QP;
				INFOPLIST_FILE = CalculateFairWay/Info.plist;
				LD_RUNPATH_SEARCH_PATHS = (
					"$(inherited)",
					"@executable_path/Frameworks",
				);
				PRODUCT_BUNDLE_IDENTIFIER = io.marvinLin.CalculateFairWay;
				PRODUCT_NAME = "$(TARGET_NAME)";
				SWIFT_VERSION = 4.2;
				TARGETED_DEVICE_FAMILY = "1,2";
			};
			name = Debug;
		};
		7300D1C2217C79BE00D90D9A /* Release */ = {
			isa = XCBuildConfiguration;
			buildSettings = {
				ASSETCATALOG_COMPILER_APPICON_NAME = AppIcon;
				CODE_SIGN_STYLE = Automatic;
				DEVELOPMENT_TEAM = PJPD95M4QP;
				INFOPLIST_FILE = CalculateFairWay/Info.plist;
				LD_RUNPATH_SEARCH_PATHS = (
					"$(inherited)",
					"@executable_path/Frameworks",
				);
				PRODUCT_BUNDLE_IDENTIFIER = io.marvinLin.CalculateFairWay;
				PRODUCT_NAME = "$(TARGET_NAME)";
				SWIFT_VERSION = 4.2;
				TARGETED_DEVICE_FAMILY = "1,2";
			};
			name = Release;
		};
/* End XCBuildConfiguration section */

/* Begin XCConfigurationList section */
		7300D1A9217C79BC00D90D9A /* Build configuration list for PBXProject "CalculateFairWay" */ = {
			isa = XCConfigurationList;
			buildConfigurations = (
				7300D1BE217C79BE00D90D9A /* Debug */,
				7300D1BF217C79BE00D90D9A /* Release */,
			);
			defaultConfigurationIsVisible = 0;
			defaultConfigurationName = Release;
		};
		7300D1C0217C79BE00D90D9A /* Build configuration list for PBXNativeTarget "CalculateFairWay" */ = {
			isa = XCConfigurationList;
			buildConfigurations = (
				7300D1C1217C79BE00D90D9A /* Debug */,
				7300D1C2217C79BE00D90D9A /* Release */,
			);
			defaultConfigurationIsVisible = 0;
			defaultConfigurationName = Release;
		};
/* End XCConfigurationList section */
	};
	rootObject = 7300D1A6217C79BC00D90D9A /* Project object */;
}
